
Microsoft Visual Studio Solution File, Format Version 12.00
# Visual Studio Version 16
VisualStudioVersion = 16.0.29418.71
MinimumVisualStudioVersion = 10.0.40219.1
Project("{9A19103F-16F7-4668-BE54-9A1E7A4F7556}") = "LightsOn", "LightsOn\LightsOn\LightsOn.csproj", "{01E75882-119A-4836-8EC9-FDA445509D81}"
EndProject
Project("{FAE04EC0-301F-11D3-BF4B-00C04F79EFBC}") = "LightsOn.Android", "LightsOn\LightsOn.Android\LightsOn.Android.csproj", "{0B7C1E25-1A6E-4265-8CD2-3957BDB2BC30}"
EndProject
Project("{FAE04EC0-301F-11D3-BF4B-00C04F79EFBC}") = "LightsOn.iOS", "LightsOn\LightsOn.iOS\LightsOn.iOS.csproj", "{3AD7E318-A87A-4C10-8776-516D15FE1980}"
EndProject
Project("{FAE04EC0-301F-11D3-BF4B-00C04F79EFBC}") = "LightsOn.UWP", "LightsOn\LightsOn.UWP\LightsOn.UWP.csproj", "{120AF750-0E53-402A-B45D-D1790DEBC115}"
EndProject
Project("{8BC9CEB8-8B4A-11D0-8D11-00A0C91BC942}") = "LightsOn_ArduinoYun", "LightsOn_ArduinoYun\LightsOn_ArduinoYun.vcxproj", "{C5F80730-F44F-4478-BDAE-6634EFC2CA88}"
EndProject
Global
	GlobalSection(SolutionConfigurationPlatforms) = preSolution
		Ad-Hoc|Any CPU = Ad-Hoc|Any CPU
		Ad-Hoc|ARM = Ad-Hoc|ARM
		Ad-Hoc|iPhone = Ad-Hoc|iPhone
		Ad-Hoc|iPhoneSimulator = Ad-Hoc|iPhoneSimulator
		Ad-Hoc|x64 = Ad-Hoc|x64
		Ad-Hoc|x86 = Ad-Hoc|x86
		AppStore|Any CPU = AppStore|Any CPU
		AppStore|ARM = AppStore|ARM
		AppStore|iPhone = AppStore|iPhone
		AppStore|iPhoneSimulator = AppStore|iPhoneSimulator
		AppStore|x64 = AppStore|x64
		AppStore|x86 = AppStore|x86
		Debug|Any CPU = Debug|Any CPU
		Debug|ARM = Debug|ARM
		Debug|iPhone = Debug|iPhone
		Debug|iPhoneSimulator = Debug|iPhoneSimulator
		Debug|x64 = Debug|x64
		Debug|x86 = Debug|x86
		Release|Any CPU = Release|Any CPU
		Release|ARM = Release|ARM
		Release|iPhone = Release|iPhone
		Release|iPhoneSimulator = Release|iPhoneSimulator
		Release|x64 = Release|x64
		Release|x86 = Release|x86
	EndGlobalSection
	GlobalSection(ProjectConfigurationPlatforms) = postSolution
		{01E75882-119A-4836-8EC9-FDA445509D81}.Ad-Hoc|Any CPU.ActiveCfg = Debug|Any CPU
		{01E75882-119A-4836-8EC9-FDA445509D81}.Ad-Hoc|Any CPU.Build.0 = Debug|Any CPU
		{01E75882-119A-4836-8EC9-FDA445509D81}.Ad-Hoc|ARM.ActiveCfg = Debug|Any CPU
		{01E75882-119A-4836-8EC9-FDA445509D81}.Ad-Hoc|ARM.Build.0 = Debug|Any CPU
		{01E75882-119A-4836-8EC9-FDA445509D81}.Ad-Hoc|iPhone.ActiveCfg = Debug|Any CPU
		{01E75882-119A-4836-8EC9-FDA445509D81}.Ad-Hoc|iPhone.Build.0 = Debug|Any CPU
		{01E75882-119A-4836-8EC9-FDA445509D81}.Ad-Hoc|iPhoneSimulator.ActiveCfg = Debug|Any CPU
		{01E75882-119A-4836-8EC9-FDA445509D81}.Ad-Hoc|iPhoneSimulator.Build.0 = Debug|Any CPU
		{01E75882-119A-4836-8EC9-FDA445509D81}.Ad-Hoc|x64.ActiveCfg = Debug|Any CPU
		{01E75882-119A-4836-8EC9-FDA445509D81}.Ad-Hoc|x64.Build.0 = Debug|Any CPU
		{01E75882-119A-4836-8EC9-FDA445509D81}.Ad-Hoc|x86.ActiveCfg = Debug|Any CPU
		{01E75882-119A-4836-8EC9-FDA445509D81}.Ad-Hoc|x86.Build.0 = Debug|Any CPU
		{01E75882-119A-4836-8EC9-FDA445509D81}.AppStore|Any CPU.ActiveCfg = Debug|Any CPU
		{01E75882-119A-4836-8EC9-FDA445509D81}.AppStore|Any CPU.Build.0 = Debug|Any CPU
		{01E75882-119A-4836-8EC9-FDA445509D81}.AppStore|ARM.ActiveCfg = Debug|Any CPU
		{01E75882-119A-4836-8EC9-FDA445509D81}.AppStore|ARM.Build.0 = Debug|Any CPU
		{01E75882-119A-4836-8EC9-FDA445509D81}.AppStore|iPhone.ActiveCfg = Debug|Any CPU
		{01E75882-119A-4836-8EC9-FDA445509D81}.AppStore|iPhone.Build.0 = Debug|Any CPU
		{01E75882-119A-4836-8EC9-FDA445509D81}.AppStore|iPhoneSimulator.ActiveCfg = Debug|Any CPU
		{01E75882-119A-4836-8EC9-FDA445509D81}.AppStore|iPhoneSimulator.Build.0 = Debug|Any CPU
		{01E75882-119A-4836-8EC9-FDA445509D81}.AppStore|x64.ActiveCfg = Debug|Any CPU
		{01E75882-119A-4836-8EC9-FDA445509D81}.AppStore|x64.Build.0 = Debug|Any CPU
		{01E75882-119A-4836-8EC9-FDA445509D81}.AppStore|x86.ActiveCfg = Debug|Any CPU
		{01E75882-119A-4836-8EC9-FDA445509D81}.AppStore|x86.Build.0 = Debug|Any CPU
		{01E75882-119A-4836-8EC9-FDA445509D81}.Debug|Any CPU.ActiveCfg = Debug|Any CPU
		{01E75882-119A-4836-8EC9-FDA445509D81}.Debug|Any CPU.Build.0 = Debug|Any CPU
		{01E75882-119A-4836-8EC9-FDA445509D81}.Debug|ARM.ActiveCfg = Debug|Any CPU
		{01E75882-119A-4836-8EC9-FDA445509D81}.Debug|ARM.Build.0 = Debug|Any CPU
		{01E75882-119A-4836-8EC9-FDA445509D81}.Debug|iPhone.ActiveCfg = Debug|Any CPU
		{01E75882-119A-4836-8EC9-FDA445509D81}.Debug|iPhone.Build.0 = Debug|Any CPU
		{01E75882-119A-4836-8EC9-FDA445509D81}.Debug|iPhoneSimulator.ActiveCfg = Debug|Any CPU
		{01E75882-119A-4836-8EC9-FDA445509D81}.Debug|iPhoneSimulator.Build.0 = Debug|Any CPU
		{01E75882-119A-4836-8EC9-FDA445509D81}.Debug|x64.ActiveCfg = Debug|Any CPU
		{01E75882-119A-4836-8EC9-FDA445509D81}.Debug|x64.Build.0 = Debug|Any CPU
		{01E75882-119A-4836-8EC9-FDA445509D81}.Debug|x86.ActiveCfg = Debug|Any CPU
		{01E75882-119A-4836-8EC9-FDA445509D81}.Debug|x86.Build.0 = Debug|Any CPU
		{01E75882-119A-4836-8EC9-FDA445509D81}.Release|Any CPU.ActiveCfg = Release|Any CPU
		{01E75882-119A-4836-8EC9-FDA445509D81}.Release|Any CPU.Build.0 = Release|Any CPU
		{01E75882-119A-4836-8EC9-FDA445509D81}.Release|ARM.ActiveCfg = Release|Any CPU
		{01E75882-119A-4836-8EC9-FDA445509D81}.Release|ARM.Build.0 = Release|Any CPU
		{01E75882-119A-4836-8EC9-FDA445509D81}.Release|iPhone.ActiveCfg = Release|Any CPU
		{01E75882-119A-4836-8EC9-FDA445509D81}.Release|iPhone.Build.0 = Release|Any CPU
		{01E75882-119A-4836-8EC9-FDA445509D81}.Release|iPhoneSimulator.ActiveCfg = Release|Any CPU
		{01E75882-119A-4836-8EC9-FDA445509D81}.Release|iPhoneSimulator.Build.0 = Release|Any CPU
		{01E75882-119A-4836-8EC9-FDA445509D81}.Release|x64.ActiveCfg = Release|Any CPU
		{01E75882-119A-4836-8EC9-FDA445509D81}.Release|x64.Build.0 = Release|Any CPU
		{01E75882-119A-4836-8EC9-FDA445509D81}.Release|x86.ActiveCfg = Release|Any CPU
		{01E75882-119A-4836-8EC9-FDA445509D81}.Release|x86.Build.0 = Release|Any CPU
		{0B7C1E25-1A6E-4265-8CD2-3957BDB2BC30}.Ad-Hoc|Any CPU.ActiveCfg = Release|Any CPU
		{0B7C1E25-1A6E-4265-8CD2-3957BDB2BC30}.Ad-Hoc|Any CPU.Build.0 = Release|Any CPU
		{0B7C1E25-1A6E-4265-8CD2-3957BDB2BC30}.Ad-Hoc|Any CPU.Deploy.0 = Release|Any CPU
		{0B7C1E25-1A6E-4265-8CD2-3957BDB2BC30}.Ad-Hoc|ARM.ActiveCfg = Release|Any CPU
		{0B7C1E25-1A6E-4265-8CD2-3957BDB2BC30}.Ad-Hoc|ARM.Build.0 = Release|Any CPU
		{0B7C1E25-1A6E-4265-8CD2-3957BDB2BC30}.Ad-Hoc|ARM.Deploy.0 = Release|Any CPU
		{0B7C1E25-1A6E-4265-8CD2-3957BDB2BC30}.Ad-Hoc|iPhone.ActiveCfg = Release|Any CPU
		{0B7C1E25-1A6E-4265-8CD2-3957BDB2BC30}.Ad-Hoc|iPhone.Build.0 = Release|Any CPU
		{0B7C1E25-1A6E-4265-8CD2-3957BDB2BC30}.Ad-Hoc|iPhone.Deploy.0 = Release|Any CPU
		{0B7C1E25-1A6E-4265-8CD2-3957BDB2BC30}.Ad-Hoc|iPhoneSimulator.ActiveCfg = Release|Any CPU
		{0B7C1E25-1A6E-4265-8CD2-3957BDB2BC30}.Ad-Hoc|iPhoneSimulator.Build.0 = Release|Any CPU
		{0B7C1E25-1A6E-4265-8CD2-3957BDB2BC30}.Ad-Hoc|iPhoneSimulator.Deploy.0 = Release|Any CPU
		{0B7C1E25-1A6E-4265-8CD2-3957BDB2BC30}.Ad-Hoc|x64.ActiveCfg = Release|Any CPU
		{0B7C1E25-1A6E-4265-8CD2-3957BDB2BC30}.Ad-Hoc|x64.Build.0 = Release|Any CPU
		{0B7C1E25-1A6E-4265-8CD2-3957BDB2BC30}.Ad-Hoc|x64.Deploy.0 = Release|Any CPU
		{0B7C1E25-1A6E-4265-8CD2-3957BDB2BC30}.Ad-Hoc|x86.ActiveCfg = Release|Any CPU
		{0B7C1E25-1A6E-4265-8CD2-3957BDB2BC30}.Ad-Hoc|x86.Build.0 = Release|Any CPU
		{0B7C1E25-1A6E-4265-8CD2-3957BDB2BC30}.Ad-Hoc|x86.Deploy.0 = Release|Any CPU
		{0B7C1E25-1A6E-4265-8CD2-3957BDB2BC30}.AppStore|Any CPU.ActiveCfg = Release|Any CPU
		{0B7C1E25-1A6E-4265-8CD2-3957BDB2BC30}.AppStore|Any CPU.Build.0 = Release|Any CPU
		{0B7C1E25-1A6E-4265-8CD2-3957BDB2BC30}.AppStore|Any CPU.Deploy.0 = Release|Any CPU
		{0B7C1E25-1A6E-4265-8CD2-3957BDB2BC30}.AppStore|ARM.ActiveCfg = Release|Any CPU
		{0B7C1E25-1A6E-4265-8CD2-3957BDB2BC30}.AppStore|ARM.Build.0 = Release|Any CPU
		{0B7C1E25-1A6E-4265-8CD2-3957BDB2BC30}.AppStore|ARM.Deploy.0 = Release|Any CPU
		{0B7C1E25-1A6E-4265-8CD2-3957BDB2BC30}.AppStore|iPhone.ActiveCfg = Release|Any CPU
		{0B7C1E25-1A6E-4265-8CD2-3957BDB2BC30}.AppStore|iPhone.Build.0 = Release|Any CPU
		{0B7C1E25-1A6E-4265-8CD2-3957BDB2BC30}.AppStore|iPhone.Deploy.0 = Release|Any CPU
		{0B7C1E25-1A6E-4265-8CD2-3957BDB2BC30}.AppStore|iPhoneSimulator.ActiveCfg = Release|Any CPU
		{0B7C1E25-1A6E-4265-8CD2-3957BDB2BC30}.AppStore|iPhoneSimulator.Build.0 = Release|Any CPU
		{0B7C1E25-1A6E-4265-8CD2-3957BDB2BC30}.AppStore|iPhoneSimulator.Deploy.0 = Release|Any CPU
		{0B7C1E25-1A6E-4265-8CD2-3957BDB2BC30}.AppStore|x64.ActiveCfg = Release|Any CPU
		{0B7C1E25-1A6E-4265-8CD2-3957BDB2BC30}.AppStore|x64.Build.0 = Release|Any CPU
		{0B7C1E25-1A6E-4265-8CD2-3957BDB2BC30}.AppStore|x64.Deploy.0 = Release|Any CPU
		{0B7C1E25-1A6E-4265-8CD2-3957BDB2BC30}.AppStore|x86.ActiveCfg = Release|Any CPU
		{0B7C1E25-1A6E-4265-8CD2-3957BDB2BC30}.AppStore|x86.Build.0 = Release|Any CPU
		{0B7C1E25-1A6E-4265-8CD2-3957BDB2BC30}.AppStore|x86.Deploy.0 = Release|Any CPU
		{0B7C1E25-1A6E-4265-8CD2-3957BDB2BC30}.Debug|Any CPU.ActiveCfg = Debug|Any CPU
		{0B7C1E25-1A6E-4265-8CD2-3957BDB2BC30}.Debug|Any CPU.Build.0 = Debug|Any CPU
		{0B7C1E25-1A6E-4265-8CD2-3957BDB2BC30}.Debug|Any CPU.Deploy.0 = Debug|Any CPU
		{0B7C1E25-1A6E-4265-8CD2-3957BDB2BC30}.Debug|ARM.ActiveCfg = Debug|Any CPU
		{0B7C1E25-1A6E-4265-8CD2-3957BDB2BC30}.Debug|ARM.Build.0 = Debug|Any CPU
		{0B7C1E25-1A6E-4265-8CD2-3957BDB2BC30}.Debug|ARM.Deploy.0 = Debug|Any CPU
		{0B7C1E25-1A6E-4265-8CD2-3957BDB2BC30}.Debug|iPhone.ActiveCfg = Debug|Any CPU
		{0B7C1E25-1A6E-4265-8CD2-3957BDB2BC30}.Debug|iPhone.Build.0 = Debug|Any CPU
		{0B7C1E25-1A6E-4265-8CD2-3957BDB2BC30}.Debug|iPhone.Deploy.0 = Debug|Any CPU
		{0B7C1E25-1A6E-4265-8CD2-3957BDB2BC30}.Debug|iPhoneSimulator.ActiveCfg = Debug|Any CPU
		{0B7C1E25-1A6E-4265-8CD2-3957BDB2BC30}.Debug|iPhoneSimulator.Build.0 = Debug|Any CPU
		{0B7C1E25-1A6E-4265-8CD2-3957BDB2BC30}.Debug|iPhoneSimulator.Deploy.0 = Debug|Any CPU
		{0B7C1E25-1A6E-4265-8CD2-3957BDB2BC30}.Debug|x64.ActiveCfg = Debug|Any CPU
		{0B7C1E25-1A6E-4265-8CD2-3957BDB2BC30}.Debug|x64.Build.0 = Debug|Any CPU
		{0B7C1E25-1A6E-4265-8CD2-3957BDB2BC30}.Debug|x64.Deploy.0 = Debug|Any CPU
		{0B7C1E25-1A6E-4265-8CD2-3957BDB2BC30}.Debug|x86.ActiveCfg = Debug|Any CPU
		{0B7C1E25-1A6E-4265-8CD2-3957BDB2BC30}.Debug|x86.Build.0 = Debug|Any CPU
		{0B7C1E25-1A6E-4265-8CD2-3957BDB2BC30}.Debug|x86.Deploy.0 = Debug|Any CPU
		{0B7C1E25-1A6E-4265-8CD2-3957BDB2BC30}.Release|Any CPU.ActiveCfg = Release|Any CPU
		{0B7C1E25-1A6E-4265-8CD2-3957BDB2BC30}.Release|Any CPU.Build.0 = Release|Any CPU
		{0B7C1E25-1A6E-4265-8CD2-3957BDB2BC30}.Release|Any CPU.Deploy.0 = Release|Any CPU
		{0B7C1E25-1A6E-4265-8CD2-3957BDB2BC30}.Release|ARM.ActiveCfg = Release|Any CPU
		{0B7C1E25-1A6E-4265-8CD2-3957BDB2BC30}.Release|ARM.Build.0 = Release|Any CPU
		{0B7C1E25-1A6E-4265-8CD2-3957BDB2BC30}.Release|ARM.Deploy.0 = Release|Any CPU
		{0B7C1E25-1A6E-4265-8CD2-3957BDB2BC30}.Release|iPhone.ActiveCfg = Release|Any CPU
		{0B7C1E25-1A6E-4265-8CD2-3957BDB2BC30}.Release|iPhone.Build.0 = Release|Any CPU
		{0B7C1E25-1A6E-4265-8CD2-3957BDB2BC30}.Release|iPhone.Deploy.0 = Release|Any CPU
		{0B7C1E25-1A6E-4265-8CD2-3957BDB2BC30}.Release|iPhoneSimulator.ActiveCfg = Release|Any CPU
		{0B7C1E25-1A6E-4265-8CD2-3957BDB2BC30}.Release|iPhoneSimulator.Build.0 = Release|Any CPU
		{0B7C1E25-1A6E-4265-8CD2-3957BDB2BC30}.Release|iPhoneSimulator.Deploy.0 = Release|Any CPU
		{0B7C1E25-1A6E-4265-8CD2-3957BDB2BC30}.Release|x64.ActiveCfg = Release|Any CPU
		{0B7C1E25-1A6E-4265-8CD2-3957BDB2BC30}.Release|x64.Build.0 = Release|Any CPU
		{0B7C1E25-1A6E-4265-8CD2-3957BDB2BC30}.Release|x64.Deploy.0 = Release|Any CPU
		{0B7C1E25-1A6E-4265-8CD2-3957BDB2BC30}.Release|x86.ActiveCfg = Release|Any CPU
		{0B7C1E25-1A6E-4265-8CD2-3957BDB2BC30}.Release|x86.Build.0 = Release|Any CPU
		{0B7C1E25-1A6E-4265-8CD2-3957BDB2BC30}.Release|x86.Deploy.0 = Release|Any CPU
		{3AD7E318-A87A-4C10-8776-516D15FE1980}.Ad-Hoc|Any CPU.ActiveCfg = Ad-Hoc|iPhone
		{3AD7E318-A87A-4C10-8776-516D15FE1980}.Ad-Hoc|ARM.ActiveCfg = Ad-Hoc|iPhone
		{3AD7E318-A87A-4C10-8776-516D15FE1980}.Ad-Hoc|iPhone.ActiveCfg = Ad-Hoc|iPhone
		{3AD7E318-A87A-4C10-8776-516D15FE1980}.Ad-Hoc|iPhone.Build.0 = Ad-Hoc|iPhone
		{3AD7E318-A87A-4C10-8776-516D15FE1980}.Ad-Hoc|iPhoneSimulator.ActiveCfg = Ad-Hoc|iPhoneSimulator
		{3AD7E318-A87A-4C10-8776-516D15FE1980}.Ad-Hoc|iPhoneSimulator.Build.0 = Ad-Hoc|iPhoneSimulator
		{3AD7E318-A87A-4C10-8776-516D15FE1980}.Ad-Hoc|x64.ActiveCfg = Ad-Hoc|iPhone
		{3AD7E318-A87A-4C10-8776-516D15FE1980}.Ad-Hoc|x86.ActiveCfg = Ad-Hoc|iPhone
		{3AD7E318-A87A-4C10-8776-516D15FE1980}.AppStore|Any CPU.ActiveCfg = AppStore|iPhone
		{3AD7E318-A87A-4C10-8776-516D15FE1980}.AppStore|ARM.ActiveCfg = AppStore|iPhone
		{3AD7E318-A87A-4C10-8776-516D15FE1980}.AppStore|iPhone.ActiveCfg = AppStore|iPhone
		{3AD7E318-A87A-4C10-8776-516D15FE1980}.AppStore|iPhone.Build.0 = AppStore|iPhone
		{3AD7E318-A87A-4C10-8776-516D15FE1980}.AppStore|iPhoneSimulator.ActiveCfg = AppStore|iPhoneSimulator
		{3AD7E318-A87A-4C10-8776-516D15FE1980}.AppStore|iPhoneSimulator.Build.0 = AppStore|iPhoneSimulator
		{3AD7E318-A87A-4C10-8776-516D15FE1980}.AppStore|x64.ActiveCfg = AppStore|iPhone
		{3AD7E318-A87A-4C10-8776-516D15FE1980}.AppStore|x86.ActiveCfg = AppStore|iPhone
		{3AD7E318-A87A-4C10-8776-516D15FE1980}.Debug|Any CPU.ActiveCfg = Debug|iPhone
		{3AD7E318-A87A-4C10-8776-516D15FE1980}.Debug|ARM.ActiveCfg = Debug|iPhone
		{3AD7E318-A87A-4C10-8776-516D15FE1980}.Debug|iPhone.ActiveCfg = Debug|iPhone
		{3AD7E318-A87A-4C10-8776-516D15FE1980}.Debug|iPhone.Build.0 = Debug|iPhone
		{3AD7E318-A87A-4C10-8776-516D15FE1980}.Debug|iPhoneSimulator.ActiveCfg = Debug|iPhoneSimulator
		{3AD7E318-A87A-4C10-8776-516D15FE1980}.Debug|iPhoneSimulator.Build.0 = Debug|iPhoneSimulator
		{3AD7E318-A87A-4C10-8776-516D15FE1980}.Debug|x64.ActiveCfg = Debug|iPhone
		{3AD7E318-A87A-4C10-8776-516D15FE1980}.Debug|x86.ActiveCfg = Debug|iPhone
		{3AD7E318-A87A-4C10-8776-516D15FE1980}.Release|Any CPU.ActiveCfg = Release|iPhone
		{3AD7E318-A87A-4C10-8776-516D15FE1980}.Release|ARM.ActiveCfg = Release|iPhone
		{3AD7E318-A87A-4C10-8776-516D15FE1980}.Release|iPhone.ActiveCfg = Release|iPhone
		{3AD7E318-A87A-4C10-8776-516D15FE1980}.Release|iPhone.Build.0 = Release|iPhone
		{3AD7E318-A87A-4C10-8776-516D15FE1980}.Release|iPhoneSimulator.ActiveCfg = Release|iPhoneSimulator
		{3AD7E318-A87A-4C10-8776-516D15FE1980}.Release|iPhoneSimulator.Build.0 = Release|iPhoneSimulator
		{3AD7E318-A87A-4C10-8776-516D15FE1980}.Release|x64.ActiveCfg = Release|iPhone
		{3AD7E318-A87A-4C10-8776-516D15FE1980}.Release|x86.ActiveCfg = Release|iPhone
		{120AF750-0E53-402A-B45D-D1790DEBC115}.Ad-Hoc|Any CPU.ActiveCfg = Release|x86
		{120AF750-0E53-402A-B45D-D1790DEBC115}.Ad-Hoc|Any CPU.Build.0 = Release|x86
		{120AF750-0E53-402A-B45D-D1790DEBC115}.Ad-Hoc|Any CPU.Deploy.0 = Release|x86
		{120AF750-0E53-402A-B45D-D1790DEBC115}.Ad-Hoc|ARM.ActiveCfg = Release|ARM
		{120AF750-0E53-402A-B45D-D1790DEBC115}.Ad-Hoc|ARM.Build.0 = Release|ARM
		{120AF750-0E53-402A-B45D-D1790DEBC115}.Ad-Hoc|ARM.Deploy.0 = Release|ARM
		{120AF750-0E53-402A-B45D-D1790DEBC115}.Ad-Hoc|iPhone.ActiveCfg = Release|x86
		{120AF750-0E53-402A-B45D-D1790DEBC115}.Ad-Hoc|iPhone.Build.0 = Release|x86
		{120AF750-0E53-402A-B45D-D1790DEBC115}.Ad-Hoc|iPhone.Deploy.0 = Release|x86
		{120AF750-0E53-402A-B45D-D1790DEBC115}.Ad-Hoc|iPhoneSimulator.ActiveCfg = Release|x86
		{120AF750-0E53-402A-B45D-D1790DEBC115}.Ad-Hoc|iPhoneSimulator.Build.0 = Release|x86
		{120AF750-0E53-402A-B45D-D1790DEBC115}.Ad-Hoc|iPhoneSimulator.Deploy.0 = Release|x86
		{120AF750-0E53-402A-B45D-D1790DEBC115}.Ad-Hoc|x64.ActiveCfg = Release|x64
		{120AF750-0E53-402A-B45D-D1790DEBC115}.Ad-Hoc|x64.Build.0 = Release|x64
		{120AF750-0E53-402A-B45D-D1790DEBC115}.Ad-Hoc|x64.Deploy.0 = Release|x64
		{120AF750-0E53-402A-B45D-D1790DEBC115}.Ad-Hoc|x86.ActiveCfg = Release|x86
		{120AF750-0E53-402A-B45D-D1790DEBC115}.Ad-Hoc|x86.Build.0 = Release|x86
		{120AF750-0E53-402A-B45D-D1790DEBC115}.Ad-Hoc|x86.Deploy.0 = Release|x86
		{120AF750-0E53-402A-B45D-D1790DEBC115}.AppStore|Any CPU.ActiveCfg = Release|x86
		{120AF750-0E53-402A-B45D-D1790DEBC115}.AppStore|Any CPU.Build.0 = Release|x86
		{120AF750-0E53-402A-B45D-D1790DEBC115}.AppStore|Any CPU.Deploy.0 = Release|x86
		{120AF750-0E53-402A-B45D-D1790DEBC115}.AppStore|ARM.ActiveCfg = Release|ARM
		{120AF750-0E53-402A-B45D-D1790DEBC115}.AppStore|ARM.Build.0 = Release|ARM
		{120AF750-0E53-402A-B45D-D1790DEBC115}.AppStore|ARM.Deploy.0 = Release|ARM
		{120AF750-0E53-402A-B45D-D1790DEBC115}.AppStore|iPhone.ActiveCfg = Release|x86
		{120AF750-0E53-402A-B45D-D1790DEBC115}.AppStore|iPhone.Build.0 = Release|x86
		{120AF750-0E53-402A-B45D-D1790DEBC115}.AppStore|iPhone.Deploy.0 = Release|x86
		{120AF750-0E53-402A-B45D-D1790DEBC115}.AppStore|iPhoneSimulator.ActiveCfg = Release|x86
		{120AF750-0E53-402A-B45D-D1790DEBC115}.AppStore|iPhoneSimulator.Build.0 = Release|x86
		{120AF750-0E53-402A-B45D-D1790DEBC115}.AppStore|iPhoneSimulator.Deploy.0 = Release|x86
		{120AF750-0E53-402A-B45D-D1790DEBC115}.AppStore|x64.ActiveCfg = Release|x64
		{120AF750-0E53-402A-B45D-D1790DEBC115}.AppStore|x64.Build.0 = Release|x64
		{120AF750-0E53-402A-B45D-D1790DEBC115}.AppStore|x64.Deploy.0 = Release|x64
		{120AF750-0E53-402A-B45D-D1790DEBC115}.AppStore|x86.ActiveCfg = Release|x86
		{120AF750-0E53-402A-B45D-D1790DEBC115}.AppStore|x86.Build.0 = Release|x86
		{120AF750-0E53-402A-B45D-D1790DEBC115}.AppStore|x86.Deploy.0 = Release|x86
		{120AF750-0E53-402A-B45D-D1790DEBC115}.Debug|Any CPU.ActiveCfg = Debug|x86
		{120AF750-0E53-402A-B45D-D1790DEBC115}.Debug|ARM.ActiveCfg = Debug|ARM
		{120AF750-0E53-402A-B45D-D1790DEBC115}.Debug|ARM.Build.0 = Debug|ARM
		{120AF750-0E53-402A-B45D-D1790DEBC115}.Debug|ARM.Deploy.0 = Debug|ARM
		{120AF750-0E53-402A-B45D-D1790DEBC115}.Debug|iPhone.ActiveCfg = Debug|x86
		{120AF750-0E53-402A-B45D-D1790DEBC115}.Debug|iPhoneSimulator.ActiveCfg = Debug|x86
		{120AF750-0E53-402A-B45D-D1790DEBC115}.Debug|x64.ActiveCfg = Debug|x64
		{120AF750-0E53-402A-B45D-D1790DEBC115}.Debug|x64.Build.0 = Debug|x64
		{120AF750-0E53-402A-B45D-D1790DEBC115}.Debug|x64.Deploy.0 = Debug|x64
		{120AF750-0E53-402A-B45D-D1790DEBC115}.Debug|x86.ActiveCfg = Debug|x86
		{120AF750-0E53-402A-B45D-D1790DEBC115}.Debug|x86.Build.0 = Debug|x86
		{120AF750-0E53-402A-B45D-D1790DEBC115}.Debug|x86.Deploy.0 = Debug|x86
		{120AF750-0E53-402A-B45D-D1790DEBC115}.Release|Any CPU.ActiveCfg = Release|x86
		{120AF750-0E53-402A-B45D-D1790DEBC115}.Release|ARM.ActiveCfg = Release|ARM
		{120AF750-0E53-402A-B45D-D1790DEBC115}.Release|ARM.Build.0 = Release|ARM
		{120AF750-0E53-402A-B45D-D1790DEBC115}.Release|ARM.Deploy.0 = Release|ARM
		{120AF750-0E53-402A-B45D-D1790DEBC115}.Release|iPhone.ActiveCfg = Release|x86
		{120AF750-0E53-402A-B45D-D1790DEBC115}.Release|iPhoneSimulator.ActiveCfg = Release|x86
		{120AF750-0E53-402A-B45D-D1790DEBC115}.Release|x64.ActiveCfg = Release|x64
		{120AF750-0E53-402A-B45D-D1790DEBC115}.Release|x64.Build.0 = Release|x64
		{120AF750-0E53-402A-B45D-D1790DEBC115}.Release|x64.Deploy.0 = Release|x64
		{120AF750-0E53-402A-B45D-D1790DEBC115}.Release|x86.ActiveCfg = Release|x86
		{120AF750-0E53-402A-B45D-D1790DEBC115}.Release|x86.Build.0 = Release|x86
		{120AF750-0E53-402A-B45D-D1790DEBC115}.Release|x86.Deploy.0 = Release|x86
		{C5F80730-F44F-4478-BDAE-6634EFC2CA88}.Ad-Hoc|Any CPU.ActiveCfg = Release|Win32
		{C5F80730-F44F-4478-BDAE-6634EFC2CA88}.Ad-Hoc|Any CPU.Build.0 = Release|Win32
		{C5F80730-F44F-4478-BDAE-6634EFC2CA88}.Ad-Hoc|ARM.ActiveCfg = Release|Win32
		{C5F80730-F44F-4478-BDAE-6634EFC2CA88}.Ad-Hoc|ARM.Build.0 = Release|Win32
		{C5F80730-F44F-4478-BDAE-6634EFC2CA88}.Ad-Hoc|iPhone.ActiveCfg = Release|Win32
		{C5F80730-F44F-4478-BDAE-6634EFC2CA88}.Ad-Hoc|iPhone.Build.0 = Release|Win32
		{C5F80730-F44F-4478-BDAE-6634EFC2CA88}.Ad-Hoc|iPhoneSimulator.ActiveCfg = Release|Win32
		{C5F80730-F44F-4478-BDAE-6634EFC2CA88}.Ad-Hoc|iPhoneSimulator.Build.0 = Release|Win32
		{C5F80730-F44F-4478-BDAE-6634EFC2CA88}.Ad-Hoc|x64.ActiveCfg = Release|Win32
		{C5F80730-F44F-4478-BDAE-6634EFC2CA88}.Ad-Hoc|x64.Build.0 = Release|Win32
		{C5F80730-F44F-4478-BDAE-6634EFC2CA88}.Ad-Hoc|x86.ActiveCfg = Release|Win32
		{C5F80730-F44F-4478-BDAE-6634EFC2CA88}.Ad-Hoc|x86.Build.0 = Release|Win32
		{C5F80730-F44F-4478-BDAE-6634EFC2CA88}.AppStore|Any CPU.ActiveCfg = Release|Win32
		{C5F80730-F44F-4478-BDAE-6634EFC2CA88}.AppStore|Any CPU.Build.0 = Release|Win32
		{C5F80730-F44F-4478-BDAE-6634EFC2CA88}.AppStore|ARM.ActiveCfg = Release|Win32
		{C5F80730-F44F-4478-BDAE-6634EFC2CA88}.AppStore|ARM.Build.0 = Release|Win32
		{C5F80730-F44F-4478-BDAE-6634EFC2CA88}.AppStore|iPhone.ActiveCfg = Release|Win32
		{C5F80730-F44F-4478-BDAE-6634EFC2CA88}.AppStore|iPhone.Build.0 = Release|Win32
		{C5F80730-F44F-4478-BDAE-6634EFC2CA88}.AppStore|iPhoneSimulator.ActiveCfg = Release|Win32
		{C5F80730-F44F-4478-BDAE-6634EFC2CA88}.AppStore|iPhoneSimulator.Build.0 = Release|Win32
		{C5F80730-F44F-4478-BDAE-6634EFC2CA88}.AppStore|x64.ActiveCfg = Release|Win32
		{C5F80730-F44F-4478-BDAE-6634EFC2CA88}.AppStore|x64.Build.0 = Release|Win32
		{C5F80730-F44F-4478-BDAE-6634EFC2CA88}.AppStore|x86.ActiveCfg = Release|Win32
		{C5F80730-F44F-4478-BDAE-6634EFC2CA88}.AppStore|x86.Build.0 = Release|Win32
		{C5F80730-F44F-4478-BDAE-6634EFC2CA88}.Debug|Any CPU.ActiveCfg = Debug|Win32
		{C5F80730-F44F-4478-BDAE-6634EFC2CA88}.Debug|ARM.ActiveCfg = Debug|Win32
		{C5F80730-F44F-4478-BDAE-6634EFC2CA88}.Debug|iPhone.ActiveCfg = Debug|Win32
		{C5F80730-F44F-4478-BDAE-6634EFC2CA88}.Debug|iPhoneSimulator.ActiveCfg = Debug|Win32
		{C5F80730-F44F-4478-BDAE-6634EFC2CA88}.Debug|x64.ActiveCfg = Debug|Win32
		{C5F80730-F44F-4478-BDAE-6634EFC2CA88}.Debug|x86.ActiveCfg = Debug|Win32
		{C5F80730-F44F-4478-BDAE-6634EFC2CA88}.Debug|x86.Build.0 = Debug|Win32
		{C5F80730-F44F-4478-BDAE-6634EFC2CA88}.Release|Any CPU.ActiveCfg = Release|Win32
		{C5F80730-F44F-4478-BDAE-6634EFC2CA88}.Release|ARM.ActiveCfg = Release|Win32
		{C5F80730-F44F-4478-BDAE-6634EFC2CA88}.Release|iPhone.ActiveCfg = Release|Win32
		{C5F80730-F44F-4478-BDAE-6634EFC2CA88}.Release|iPhoneSimulator.ActiveCfg = Release|Win32
		{C5F80730-F44F-4478-BDAE-6634EFC2CA88}.Release|x64.ActiveCfg = Release|Win32
		{C5F80730-F44F-4478-BDAE-6634EFC2CA88}.Release|x86.ActiveCfg = Release|Win32
		{C5F80730-F44F-4478-BDAE-6634EFC2CA88}.Release|x86.Build.0 = Release|Win32
	EndGlobalSection
	GlobalSection(SolutionProperties) = preSolution
		HideSolutionNode = FALSE
	EndGlobalSection
	GlobalSection(ExtensibilityGlobals) = postSolution
		SolutionGuid = {211BF17E-BE74-4232-A88C-9C5FEFE55384}
	EndGlobalSection
EndGlobal
